{
  "name": "class0602",
  "version": "1.0.0",
  "lockfileVersion": 2,
  "requires": true,
  "packages": {
    "": {
      "version": "1.0.0",
      "license": "ISC",
      "devDependencies": {
        "@types/node": "^16.4.3"
      }
    },
    "node_modules/@types/node": {
      "version": "16.4.3",
      "resolved": "https://registry.npmjs.org/@types/node/-/node-16.4.3.tgz",
      "integrity": "sha512-GKM4FLMkWDc0sfx7tXqPWkM6NBow1kge0fgQh0bOnlqo4iT1kvTvMEKE0c1RtUGnbLlGRXiAA8SumE//90uKAg==",
      "dev": true
    }
  },
  "dependencies": {
    "@types/node": {
      "version": "16.4.3",
      "resolved": "https://registry.npmjs.org/@types/node/-/node-16.4.3.tgz",
      "integrity": "sha512-GKM4FLMkWDc0sfx7tXqPWkM6NBow1kge0fgQh0bOnlqo4iT1kvTvMEKE0c1RtUGnbLlGRXiAA8SumE//90uKAg==",
      "dev": true
    }
  }
}
